{
  "version": 4,
  "terraform_version": "1.3.6",
  "serial": 10,
  "lineage": "f78dd2c3-15f7-0bf6-d305-b4dd78ba4a7a",
  "outputs": {},
  "resources": [
    {
      "mode": "managed",
      "type": "aws_s3_bucket",
      "name": "devops_bucket",
      "provider": "provider[\"registry.terraform.io/hashicorp/aws\"]",
      "instances": [
        {
          "schema_version": 0,
          "attributes": {
            "acceleration_status": "",
            "acl": null,
            "arn": "arn:aws:s3:::terraform-template-test-3093",
            "bucket": "terraform-template-test-3093",
            "bucket_domain_name": "terraform-template-test-3093.s3.amazonaws.com",
            "bucket_prefix": null,
            "bucket_regional_domain_name": "terraform-template-test-3093.s3.amazonaws.com",
            "cors_rule": [],
            "force_destroy": false,
            "grant": [
              {
                "id": "43dd4fe79e0889678a59a23b464a60ca30a5a7feb99dff84c91a4e2ba8d7d62e",
                "permissions": [
                  "FULL_CONTROL"
                ],
                "type": "CanonicalUser",
                "uri": ""
              }
            ],
            "hosted_zone_id": "Z3AQBSTGFYJSTF",
            "id": "terraform-template-test-3093",
            "lifecycle_rule": [],
            "logging": [],
            "object_lock_configuration": [],
            "object_lock_enabled": false,
            "policy": "",
            "region": "us-east-1",
            "replication_configuration": [],
            "request_payer": "BucketOwner",
            "server_side_encryption_configuration": [],
            "tags": {
              "Env": "dev",
              "Service": "s3",
              "Team": "devops"
            },
            "tags_all": {
              "Env": "dev",
              "Service": "s3",
              "Team": "devops"
            },
            "timeouts": null,
            "versioning": [
              {
                "enabled": false,
                "mfa_delete": false
              }
            ],
            "website": [],
            "website_domain": null,
            "website_endpoint": null
          },
          "sensitive_attributes": [],
          "private": "eyJlMmJmYjczMC1lY2FhLTExZTYtOGY4OC0zNDM2M2JjN2M0YzAiOnsiY3JlYXRlIjoxMjAwMDAwMDAwMDAwLCJkZWxldGUiOjM2MDAwMDAwMDAwMDAsInJlYWQiOjEyMDAwMDAwMDAwMDAsInVwZGF0ZSI6MTIwMDAwMDAwMDAwMH19",
          "dependencies": [
            "random_id.id"
          ]
        }
      ]
    },
    {
      "mode": "managed",
      "type": "aws_s3_bucket_policy",
      "name": "devops_bucket",
      "provider": "provider[\"registry.terraform.io/hashicorp/aws\"]",
      "instances": [
        {
          "schema_version": 0,
          "attributes": {
            "bucket": "terraform-template-test-3093",
            "id": "terraform-template-test-3093",
            "policy": "{\r\n  \"Version\": \"2012-10-17\",\r\n  \"Statement\": [\r\n    {\r\n      \"Effect\": \"Allow\",\r\n      \"Principal\": {\r\n        \"Service\": \"ec2.amazonaws.com\"\r\n      },\r\n      \"Action\": [\r\n        \"s3:GetObject\",\r\n        \"s3:PutObject\"\r\n      ],\r\n      \"Resource\": \"arn:aws:s3:::terraform-template-test-3093/*\"\r\n    }\r\n  ]\r\n}\r\n"
          },
          "sensitive_attributes": [],
          "private": "bnVsbA==",
          "dependencies": [
            "aws_s3_bucket.devops_bucket",
            "random_id.id"
          ]
        }
      ]
    },
    {
      "mode": "managed",
      "type": "random_id",
      "name": "id",
      "provider": "provider[\"registry.terraform.io/hashicorp/random\"]",
      "instances": [
        {
          "schema_version": 0,
          "attributes": {
            "b64_std": "DBU=",
            "b64_url": "DBU",
            "byte_length": 2,
            "dec": "3093",
            "hex": "0c15",
            "id": "DBU",
            "keepers": null,
            "prefix": null
          },
          "sensitive_attributes": []
        }
      ]
    }
  ],
  "check_results": null
}
